{
  "name": "browser-control-kit",
  "version": "0.1.0",
  "lockfileVersion": 3,
  "requires": true,
  "packages": {
    "": {
      "name": "browser-control-kit",
      "version": "0.1.0",
      "license": "MIT",
      "workspaces": [
        "packages/*"
      ],
      "engines": {
        "node": ">=22"
      }
    },
    "node_modules/antd-kit": {
      "resolved": "packages/antd-kit",
      "link": true
    },
    "node_modules/browser-control": {
      "resolved": "packages/browser-control",
      "link": true
    },
    "node_modules/browser-control-mcp": {
      "resolved": "packages/mcp-server",
      "link": true
    },
    "node_modules/playwright-core": {
      "version": "1.63.0-alpha-2026-08-31",
      "resolved": "https://registry.npmjs.org/playwright-core/-/playwright-core-1.63.0-alpha-2026-08-31.tgz",
      "integrity": "sha512-1ek0Lyr12h6jcs/WTcNoVtzZkQp7D/90PsMuBW/Rm6h3AsWAbzpqj0geMv8+8Tzzr9CSUYvg9kznrVZINQMXXw==",
      "license": "Apache-2.0",
      "bin": {
        "playwright-core": "cli.js"
      },
      "engines": {
        "node": ">=20"
      }
    },
    "packages/antd-kit": {
      "version": "1.0.0",
      "license": "MIT",
      "engines": {
        "node": ">=22"
      }
    },
    "packages/browser-control": {
      "version": "0.1.0",
      "license": "MIT",
      "dependencies": {
        "playwright-core": "1.63.0-alpha-2026-08-31"
      },
      "engines": {
        "node": ">=22"
      }
    },
    "packages/mcp-server": {
      "name": "browser-control-mcp",
      "version": "0.1.0",
      "license": "MIT",
      "dependencies": {
        "browser-control": "0.1.0"
      },
      "bin": {
        "browser-control-mcp": "bin/browser-control-mcp.mjs"
      },
      "engines": {
        "node": ">=22"
      }
    }
  }
}
